# This file is generated by running "yarn install" inside your project.
# Manual changes might be lost - proceed with caution!

__metadata:
  version: 8
  cacheKey: 10c0

"infra-course_v2@workspace:.":
  version: 0.0.0-use.local
  resolution: "infra-course_v2@workspace:."
  dependencies:
    prettier: "npm:^3.7.3"
  languageName: unknown
  linkType: soft

"prettier@npm:^3.7.3":
  version: 3.7.3
  resolution: "prettier@npm:3.7.3"
  bin:
    prettier: bin/prettier.cjs
  checksum: 10c0/ee86bb06121c74dadc54f30b6f99aff6288966d9b842ce501d6991e20d20c6ce2d45028651b3b0955ca6e5fa89c1bee1e72b6f810243a93cef8bc69737972ef7
  languageName: node
  linkType: hard

"task-1@workspace:tasks/task-1":
  version: 0.0.0-use.local
  resolution: "task-1@workspace:tasks/task-1"
  dependencies:
    yaml: "npm:^2.8.2"
  languageName: unknown
  linkType: soft

"task-2@workspace:tasks/task-2":
  version: 0.0.0-use.local
  resolution: "task-2@workspace:tasks/task-2"
  languageName: unknown
  linkType: soft

"yaml@npm:^2.8.2":
  version: 2.8.2
  resolution: "yaml@npm:2.8.2"
  bin:
    yaml: bin.mjs
  checksum: 10c0/703e4dc1e34b324aa66876d63618dcacb9ed49f7e7fe9b70f1e703645be8d640f68ab84f12b86df8ac960bac37acf5513e115de7c970940617ce0343c8c9cd96
  languageName: node
  linkType: hard
